// !$*UTF8*$!
{
	archiveVersion = 1;
	classes = {
	};
	objectVersion = 50;
	objects = {

/* Begin PBXBuildFile section */
		D007D6FF228B894800630AD3 /* AppDelegate.swift in Sources */ = {isa = PBXBuildFile; fileRef = D007D6FE228B894800630AD3 /* AppDelegate.swift */; };
		D007D701228B894800630AD3 /* ViewController.swift in Sources */ = {isa = PBXBuildFile; fileRef = D007D700228B894800630AD3 /* ViewController.swift */; };
		D007D704228B894800630AD3 /* Main.storyboard in Resources */ = {isa = PBXBuildFile; fileRef = D007D702228B894800630AD3 /* Main.storyboard */; };
		D007D706228B894A00630AD3 /* Assets.xcassets in Resources */ = {isa = PBXBuildFile; fileRef = D007D705228B894A00630AD3 /* Assets.xcassets */; };
		D007D709228B894A00630AD3 /* LaunchScreen.storyboard in Resources */ = {isa = PBXBuildFile; fileRef = D007D707228B894A00630AD3 /* LaunchScreen.storyboard */; };
		D007D714228B894A00630AD3 /* table_mealTests.swift in Sources */ = {isa = PBXBuildFile; fileRef = D007D713228B894A00630AD3 /* table_mealTests.swift */; };
		D007D71F228B894A00630AD3 /* table_mealUITests.swift in Sources */ = {isa = PBXBuildFile; fileRef = D007D71E228B894A00630AD3 /* table_mealUITests.swift */; };
/* End PBXBuildFile section */

/* Begin PBXContainerItemProxy section */
		D007D710228B894A00630AD3 /* PBXContainerItemProxy */ = {
			isa = PBXContainerItemProxy;
			containerPortal = D007D6F3228B894800630AD3 /* Project object */;
			proxyType = 1;
			remoteGlobalIDString = D007D6FA228B894800630AD3;
			remoteInfo = "table-meal";
		};
		D007D71B228B894A00630AD3 /* PBXContainerItemProxy */ = {
			isa = PBXContainerItemProxy;
			containerPortal = D007D6F3228B894800630AD3 /* Project object */;
			proxyType = 1;
			remoteGlobalIDString = D007D6FA228B894800630AD3;
			remoteInfo = "table-meal";
		};
/* End PBXContainerItemProxy section */

/* Begin PBXFileReference section */
		D007D6FB228B894800630AD3 /* table-meal.app */ = {isa = PBXFileReference; explicitFileType = wrapper.application; includeInIndex = 0; path = "table-meal.app"; sourceTree = BUILT_PRODUCTS_DIR; };
		D007D6FE228B894800630AD3 /* AppDelegate.swift */ = {isa = PBXFileReference; lastKnownFileType = sourcecode.swift; path = AppDelegate.swift; sourceTree = "<group>"; };
		D007D700228B894800630AD3 /* ViewController.swift */ = {isa = PBXFileReference; lastKnownFileType = sourcecode.swift; path = ViewController.swift; sourceTree = "<group>"; };
		D007D703228B894800630AD3 /* Base */ = {isa = PBXFileReference; lastKnownFileType = file.storyboard; name = Base; path = Base.lproj/Main.storyboard; sourceTree = "<group>"; };
		D007D705228B894A00630AD3 /* Assets.xcassets */ = {isa = PBXFileReference; lastKnownFileType = folder.assetcatalog; path = Assets.xcassets; sourceTree = "<group>"; };
		D007D708228B894A00630AD3 /* Base */ = {isa = PBXFileReference; lastKnownFileType = file.storyboard; name = Base; path = Base.lproj/LaunchScreen.storyboard; sourceTree = "<group>"; };
		D007D70A228B894A00630AD3 /* Info.plist */ = {isa = PBXFileReference; lastKnownFileType = text.plist.xml; path = Info.plist; sourceTree = "<group>"; };
		D007D70F228B894A00630AD3 /* table-mealTests.xctest */ = {isa = PBXFileReference; explicitFileType = wrapper.cfbundle; includeInIndex = 0; path = "table-mealTests.xctest"; sourceTree = BUILT_PRODUCTS_DIR; };
		D007D713228B894A00630AD3 /* table_mealTests.swift */ = {isa = PBXFileReference; lastKnownFileType = sourcecode.swift; path = table_mealTests.swift; sourceTree = "<group>"; };
		D007D715228B894A00630AD3 /* Info.plist */ = {isa = PBXFileReference; lastKnownFileType = text.plist.xml; path = Info.plist; sourceTree = "<group>"; };
		D007D71A228B894A00630AD3 /* table-mealUITests.xctest */ = {isa = PBXFileReference; explicitFileType = wrapper.cfbundle; includeInIndex = 0; path = "table-mealUITests.xctest"; sourceTree = BUILT_PRODUCTS_DIR; };
		D007D71E228B894A00630AD3 /* table_mealUITests.swift */ = {isa = PBXFileReference; lastKnownFileType = sourcecode.swift; path = table_mealUITests.swift; sourceTree = "<group>"; };
		D007D720228B894A00630AD3 /* Info.plist */ = {isa = PBXFileReference; lastKnownFileType = text.plist.xml; path = Info.plist; sourceTree = "<group>"; };
/* End PBXFileReference section */

/* Begin PBXFrameworksBuildPhase section */
		D007D6F8228B894800630AD3 /* Frameworks */ = {
			isa = PBXFrameworksBuildPhase;
			buildActionMask = 2147483647;
			files = (
			);
			runOnlyForDeploymentPostprocessing = 0;
		};
		D007D70C228B894A00630AD3 /* Frameworks */ = {
			isa = PBXFrameworksBuildPhase;
			buildActionMask = 2147483647;
			files = (
			);
			runOnlyForDeploymentPostprocessing = 0;
		};
		D007D717228B894A00630AD3 /* Frameworks */ = {
			isa = PBXFrameworksBuildPhase;
			buildActionMask = 2147483647;
			files = (
			);
			runOnlyForDeploymentPostprocessing = 0;
		};
/* End PBXFrameworksBuildPhase section */

/* Begin PBXGroup section */
		D007D6F2228B894800630AD3 = {
			isa = PBXGroup;
			children = (
				D007D6FD228B894800630AD3 /* table-meal */,
				D007D712228B894A00630AD3 /* table-mealTests */,
				D007D71D228B894A00630AD3 /* table-mealUITests */,
				D007D6FC228B894800630AD3 /* Products */,
			);
			sourceTree = "<group>";
		};
		D007D6FC228B894800630AD3 /* Products */ = {
			isa = PBXGroup;
			children = (
				D007D6FB228B894800630AD3 /* table-meal.app */,
				D007D70F228B894A00630AD3 /* table-mealTests.xctest */,
				D007D71A228B894A00630AD3 /* table-mealUITests.xctest */,
			);
			name = Products;
			sourceTree = "<group>";
		};
		D007D6FD228B894800630AD3 /* table-meal */ = {
			isa = PBXGroup;
			children = (
				D007D6FE228B894800630AD3 /* AppDelegate.swift */,
				D007D700228B894800630AD3 /* ViewController.swift */,
				D007D702228B894800630AD3 /* Main.storyboard */,
				D007D705228B894A00630AD3 /* Assets.xcassets */,
				D007D707228B894A00630AD3 /* LaunchScreen.storyboard */,
				D007D70A228B894A00630AD3 /* Info.plist */,
			);
			path = "table-meal";
			sourceTree = "<group>";
		};
		D007D712228B894A00630AD3 /* table-mealTests */ = {
			isa = PBXGroup;
			children = (
				D007D713228B894A00630AD3 /* table_mealTests.swift */,
				D007D715228B894A00630AD3 /* Info.plist */,
			);
			path = "table-mealTests";
			sourceTree = "<group>";
		};
		D007D71D228B894A00630AD3 /* table-mealUITests */ = {
			isa = PBXGroup;
			children = (
				D007D71E228B894A00630AD3 /* table_mealUITests.swift */,
				D007D720228B894A00630AD3 /* Info.plist */,
			);
			path = "table-mealUITests";
			sourceTree = "<group>";
		};
/* End PBXGroup section */

/* Begin PBXNativeTarget section */
		D007D6FA228B894800630AD3 /* table-meal */ = {
			isa = PBXNativeTarget;
			buildConfigurationList = D007D723228B894A00630AD3 /* Build configuration list for PBXNativeTarget "table-meal" */;
			buildPhases = (
				D007D6F7228B894800630AD3 /* Sources */,
				D007D6F8228B894800630AD3 /* Frameworks */,
				D007D6F9228B894800630AD3 /* Resources */,
			);
			buildRules = (
			);
			dependencies = (
			);
			name = "table-meal";
			productName = "table-meal";
			productReference = D007D6FB228B894800630AD3 /* table-meal.app */;
			productType = "com.apple.product-type.application";
		};
		D007D70E228B894A00630AD3 /* table-mealTests */ = {
			isa = PBXNativeTarget;
			buildConfigurationList = D007D726228B894A00630AD3 /* Build configuration list for PBXNativeTarget "table-mealTests" */;
			buildPhases = (
				D007D70B228B894A00630AD3 /* Sources */,
				D007D70C228B894A00630AD3 /* Frameworks */,
				D007D70D228B894A00630AD3 /* Resources */,
			);
			buildRules = (
			);
			dependencies = (
				D007D711228B894A00630AD3 /* PBXTargetDependency */,
			);
			name = "table-mealTests";
			productName = "table-mealTests";
			productReference = D007D70F228B894A00630AD3 /* table-mealTests.xctest */;
			productType = "com.apple.product-type.bundle.unit-test";
		};
		D007D719228B894A00630AD3 /* table-mealUITests */ = {
			isa = PBXNativeTarget;
			buildConfigurationList = D007D729228B894A00630AD3 /* Build configuration list for PBXNativeTarget "table-mealUITests" */;
			buildPhases = (
				D007D716228B894A00630AD3 /* Sources */,
				D007D717228B894A00630AD3 /* Frameworks */,
				D007D718228B894A00630AD3 /* Resources */,
			);
			buildRules = (
			);
			dependencies = (
				D007D71C228B894A00630AD3 /* PBXTargetDependency */,
			);
			name = "table-mealUITests";
			productName = "table-mealUITests";
			productReference = D007D71A228B894A00630AD3 /* table-mealUITests.xctest */;
			productType = "com.apple.product-type.bundle.ui-testing";
		};
/* End PBXNativeTarget section */

/* Begin PBXProject section */
		D007D6F3228B894800630AD3 /* Project object */ = {
			isa = PBXProject;
			attributes = {
				LastSwiftUpdateCheck = 1020;
				LastUpgradeCheck = 1020;
				ORGANIZATIONNAME = user151798;
				TargetAttributes = {
					D007D6FA228B894800630AD3 = {
						CreatedOnToolsVersion = 10.2.1;
					};
					D007D70E228B894A00630AD3 = {
						CreatedOnToolsVersion = 10.2.1;
						TestTargetID = D007D6FA228B894800630AD3;
					};
					D007D719228B894A00630AD3 = {
						CreatedOnToolsVersion = 10.2.1;
						TestTargetID = D007D6FA228B894800630AD3;
					};
				};
			};
			buildConfigurationList = D007D6F6228B894800630AD3 /* Build configuration list for PBXProject "table-meal" */;
			compatibilityVersion = "Xcode 9.3";
			developmentRegion = en;
			hasScannedForEncodings = 0;
			knownRegions = (
				en,
				Base,
			);
			mainGroup = D007D6F2228B894800630AD3;
			productRefGroup = D007D6FC228B894800630AD3 /* Products */;
			projectDirPath = "";
			projectRoot = "";
			targets = (
				D007D6FA228B894800630AD3 /* table-meal */,
				D007D70E228B894A00630AD3 /* table-mealTests */,
				D007D719228B894A00630AD3 /* table-mealUITests */,
			);
		};
/* End PBXProject section */

/* Begin PBXResourcesBuildPhase section */
		D007D6F9228B894800630AD3 /* Resources */ = {
			isa = PBXResourcesBuildPhase;
			buildActionMask = 2147483647;
			files = (
				D007D709228B894A00630AD3 /* LaunchScreen.storyboard in Resources */,
				D007D706228B894A00630AD3 /* Assets.xcassets in Resources */,
				D007D704228B894800630AD3 /* Main.storyboard in Resources */,
			);
			runOnlyForDeploymentPostprocessing = 0;
		};
		D007D70D228B894A00630AD3 /* Resources */ = {
			isa = PBXResourcesBuildPhase;
			buildActionMask = 2147483647;
			files = (
			);
			runOnlyForDeploymentPostprocessing = 0;
		};
		D007D718228B894A00630AD3 /* Resources */ = {
			isa = PBXResourcesBuildPhase;
			buildActionMask = 2147483647;
			files = (
			);
			runOnlyForDeploymentPostprocessing = 0;
		};
/* End PBXResourcesBuildPhase section */

/* Begin PBXSourcesBuildPhase section */
		D007D6F7228B894800630AD3 /* Sources */ = {
			isa = PBXSourcesBuildPhase;
			buildActionMask = 2147483647;
			files = (
				D007D701228B894800630AD3 /* ViewController.swift in Sources */,
				D007D6FF228B894800630AD3 /* AppDelegate.swift in Sources */,
			);
			runOnlyForDeploymentPostprocessing = 0;
		};
		D007D70B228B894A00630AD3 /* Sources */ = {
			isa = PBXSourcesBuildPhase;
			buildActionMask = 2147483647;
			files = (
				D007D714228B894A00630AD3 /* table_mealTests.swift in Sources */,
			);
			runOnlyForDeploymentPostprocessing = 0;
		};
		D007D716228B894A00630AD3 /* Sources */ = {
			isa = PBXSourcesBuildPhase;
			buildActionMask = 2147483647;
			files = (
				D007D71F228B894A00630AD3 /* table_mealUITests.swift in Sources */,
			);
			runOnlyForDeploymentPostprocessing = 0;
		};
/* End PBXSourcesBuildPhase section */

/* Begin PBXTargetDependency section */
		D007D711228B894A00630AD3 /* PBXTargetDependency */ = {
			isa = PBXTargetDependency;
			target = D007D6FA228B894800630AD3 /* table-meal */;
			targetProxy = D007D710228B894A00630AD3 /* PBXContainerItemProxy */;
		};
		D007D71C228B894A00630AD3 /* PBXTargetDependency */ = {
			isa = PBXTargetDependency;
			target = D007D6FA228B894800630AD3 /* table-meal */;
			targetProxy = D007D71B228B894A00630AD3 /* PBXContainerItemProxy */;
		};
/* End PBXTargetDependency section */

/* Begin PBXVariantGroup section */
		D007D702228B894800630AD3 /* Main.storyboard */ = {
			isa = PBXVariantGroup;
			children = (
				D007D703228B894800630AD3 /* Base */,
			);
			name = Main.storyboard;
			sourceTree = "<group>";
		};
		D007D707228B894A00630AD3 /* LaunchScreen.storyboard */ = {
			isa = PBXVariantGroup;
			children = (
				D007D708228B894A00630AD3 /* Base */,
			);
			name = LaunchScreen.storyboard;
			sourceTree = "<group>";
		};
/* End PBXVariantGroup section */

/* Begin XCBuildConfiguration section */
		D007D721228B894A00630AD3 /* Debug */ = {
			isa = XCBuildConfiguration;
			buildSettings = {
				ALWAYS_SEARCH_USER_PATHS = NO;
				CLANG_ANALYZER_NONNULL = YES;
				CLANG_ANALYZER_NUMBER_OBJECT_CONVERSION = YES_AGGRESSIVE;
				CLANG_CXX_LANGUAGE_STANDARD = "gnu++14";
				CLANG_CXX_LIBRARY = "libc++";
				CLANG_ENABLE_MODULES = YES;
				CLANG_ENABLE_OBJC_ARC = YES;
				CLANG_ENABLE_OBJC_WEAK = YES;
				CLANG_WARN_BLOCK_CAPTURE_AUTORELEASING = YES;
				CLANG_WARN_BOOL_CONVERSION = YES;
				CLANG_WARN_COMMA = YES;
				CLANG_WARN_CONSTANT_CONVERSION = YES;
				CLANG_WARN_DEPRECATED_OBJC_IMPLEMENTATIONS = YES;
				CLANG_WARN_DIRECT_OBJC_ISA_USAGE = YES_ERROR;
				CLANG_WARN_DOCUMENTATION_COMMENTS = YES;
				CLANG_WARN_EMPTY_BODY = YES;
				CLANG_WARN_ENUM_CONVERSION = YES;
				CLANG_WARN_INFINITE_RECURSION = YES;
				CLANG_WARN_INT_CONVERSION = YES;
				CLANG_WARN_NON_LITERAL_NULL_CONVERSION = YES;
				CLANG_WARN_OBJC_IMPLICIT_RETAIN_SELF = YES;
				CLANG_WARN_OBJC_LITERAL_CONVERSION = YES;
				CLANG_WARN_OBJC_ROOT_CLASS = YES_ERROR;
				CLANG_WARN_RANGE_LOOP_ANALYSIS = YES;
				CLANG_WARN_STRICT_PROTOTYPES = YES;
				CLANG_WARN_SUSPICIOUS_MOVE = YES;
				CLANG_WARN_UNGUARDED_AVAILABILITY = YES_AGGRESSIVE;
				CLANG_WARN_UNREACHABLE_CODE = YES;
				CLANG_WARN__DUPLICATE_METHOD_MATCH = YES;
				CODE_SIGN_IDENTITY = "iPhone Developer";
				COPY_PHASE_STRIP = NO;
				DEBUG_INFORMATION_FORMAT = dwarf;
				ENABLE_STRICT_OBJC_MSGSEND = YES;
				ENABLE_TESTABILITY = YES;
				GCC_C_LANGUAGE_STANDARD = gnu11;
				GCC_DYNAMIC_NO_PIC = NO;
				GCC_NO_COMMON_BLOCKS = YES;
				GCC_OPTIMIZATION_LEVEL = 0;
				GCC_PREPROCESSOR_DEFINITIONS = (
					"DEBUG=1",
					"$(inherited)",
				);
				GCC_WARN_64_TO_32_BIT_CONVERSION = YES;
				GCC_WARN_ABOUT_RETURN_TYPE = YES_ERROR;
				GCC_WARN_UNDECLARED_SELECTOR = YES;
				GCC_WARN_UNINITIALIZED_AUTOS = YES_AGGRESSIVE;
				GCC_WARN_UNUSED_FUNCTION = YES;
				GCC_WARN_UNUSED_VARIABLE = YES;
				IPHONEOS_DEPLOYMENT_TARGET = 12.2;
				MTL_ENABLE_DEBUG_INFO = INCLUDE_SOURCE;
				MTL_FAST_MATH = YES;
				ONLY_ACTIVE_ARCH = YES;
				SDKROOT = iphoneos;
				SWIFT_ACTIVE_COMPILATION_CONDITIONS = DEBUG;
				SWIFT_OPTIMIZATION_LEVEL = "-Onone";
			};
			name = Debug;
		};
		D007D722228B894A00630AD3 /* Release */ = {
			isa = XCBuildConfiguration;
			buildSettings = {
				ALWAYS_SEARCH_USER_PATHS = NO;
				CLANG_ANALYZER_NONNULL = YES;
				CLANG_ANALYZER_NUMBER_OBJECT_CONVERSION = YES_AGGRESSIVE;
				CLANG_CXX_LANGUAGE_STANDARD = "gnu++14";
				CLANG_CXX_LIBRARY = "libc++";
				CLANG_ENABLE_MODULES = YES;
				CLANG_ENABLE_OBJC_ARC = YES;
				CLANG_ENABLE_OBJC_WEAK = YES;
				CLANG_WARN_BLOCK_CAPTURE_AUTORELEASING = YES;
				CLANG_WARN_BOOL_CONVERSION = YES;
				CLANG_WARN_COMMA = YES;
				CLANG_WARN_CONSTANT_CONVERSION = YES;
				CLANG_WARN_DEPRECATED_OBJC_IMPLEMENTATIONS = YES;
				CLANG_WARN_DIRECT_OBJC_ISA_USAGE = YES_ERROR;
				CLANG_WARN_DOCUMENTATION_COMMENTS = YES;
				CLANG_WARN_EMPTY_BODY = YES;
				CLANG_WARN_ENUM_CONVERSION = YES;
				CLANG_WARN_INFINITE_RECURSION = YES;
				CLANG_WARN_INT_CONVERSION = YES;
				CLANG_WARN_NON_LITERAL_NULL_CONVERSION = YES;
				CLANG_WARN_OBJC_IMPLICIT_RETAIN_SELF = YES;
				CLANG_WARN_OBJC_LITERAL_CONVERSION = YES;
				CLANG_WARN_OBJC_ROOT_CLASS = YES_ERROR;
				CLANG_WARN_RANGE_LOOP_ANALYSIS = YES;
				CLANG_WARN_STRICT_PROTOTYPES = YES;
				CLANG_WARN_SUSPICIOUS_MOVE = YES;
				CLANG_WARN_UNGUARDED_AVAILABILITY = YES_AGGRESSIVE;
				CLANG_WARN_UNREACHABLE_CODE = YES;
				CLANG_WARN__DUPLICATE_METHOD_MATCH = YES;
				CODE_SIGN_IDENTITY = "iPhone Developer";
				COPY_PHASE_STRIP = NO;
				DEBUG_INFORMATION_FORMAT = "dwarf-with-dsym";
				ENABLE_NS_ASSERTIONS = NO;
				ENABLE_STRICT_OBJC_MSGSEND = YES;
				GCC_C_LANGUAGE_STANDARD = gnu11;
				GCC_NO_COMMON_BLOCKS = YES;
				GCC_WARN_64_TO_32_BIT_CONVERSION = YES;
				GCC_WARN_ABOUT_RETURN_TYPE = YES_ERROR;
				GCC_WARN_UNDECLARED_SELECTOR = YES;
				GCC_WARN_UNINITIALIZED_AUTOS = YES_AGGRESSIVE;
				GCC_WARN_UNUSED_FUNCTION = YES;
				GCC_WARN_UNUSED_VARIABLE = YES;
				IPHONEOS_DEPLOYMENT_TARGET = 12.2;
				MTL_ENABLE_DEBUG_INFO = NO;
				MTL_FAST_MATH = YES;
				SDKROOT = iphoneos;
				SWIFT_COMPILATION_MODE = wholemodule;
				SWIFT_OPTIMIZATION_LEVEL = "-O";
				VALIDATE_PRODUCT = YES;
			};
			name = Release;
		};
		D007D724228B894A00630AD3 /* Debug */ = {
			isa = XCBuildConfiguration;
			buildSettings = {
				ASSETCATALOG_COMPILER_APPICON_NAME = AppIcon;
				CODE_SIGN_STYLE = Automatic;
				DEVELOPMENT_TEAM = 5NSM28XMN5;
				INFOPLIST_FILE = "table-meal/Info.plist";
				LD_RUNPATH_SEARCH_PATHS = (
					"$(inherited)",
					"@executable_path/Frameworks",
				);
				PRODUCT_BUNDLE_IDENTIFIER = "br.com.alura.table-meal";
				PRODUCT_NAME = "$(TARGET_NAME)";
				SWIFT_VERSION = 5.0;
				TARGETED_DEVICE_FAMILY = "1,2";
			};
			name = Debug;
		};
		D007D725228B894A00630AD3 /* Release */ = {
			isa = XCBuildConfiguration;
			buildSettings = {
				ASSETCATALOG_COMPILER_APPICON_NAME = AppIcon;
				CODE_SIGN_STYLE = Automatic;
				DEVELOPMENT_TEAM = 5NSM28XMN5;
				INFOPLIST_FILE = "table-meal/Info.plist";
				LD_RUNPATH_SEARCH_PATHS = (
					"$(inherited)",
					"@executable_path/Frameworks",
				);
				PRODUCT_BUNDLE_IDENTIFIER = "br.com.alura.table-meal";
				PRODUCT_NAME = "$(TARGET_NAME)";
				SWIFT_VERSION = 5.0;
				TARGETED_DEVICE_FAMILY = "1,2";
			};
			name = Release;
		};
		D007D727228B894A00630AD3 /* Debug */ = {
			isa = XCBuildConfiguration;
			buildSettings = {
				ALWAYS_EMBED_SWIFT_STANDARD_LIBRARIES = YES;
				BUNDLE_LOADER = "$(TEST_HOST)";
				CODE_SIGN_STYLE = Automatic;
				DEVELOPMENT_TEAM = 5NSM28XMN5;
				INFOPLIST_FILE = "table-mealTests/Info.plist";
				LD_RUNPATH_SEARCH_PATHS = (
					"$(inherited)",
					"@executable_path/Frameworks",
					"@loader_path/Frameworks",
				);
				PRODUCT_BUNDLE_IDENTIFIER = "br.com.alura.table-mealTests";
				PRODUCT_NAME = "$(TARGET_NAME)";
				SWIFT_VERSION = 5.0;
				TARGETED_DEVICE_FAMILY = "1,2";
				TEST_HOST = "$(BUILT_PRODUCTS_DIR)/table-meal.app/table-meal";
			};
			name = Debug;
		};
		D007D728228B894A00630AD3 /* Release */ = {
			isa = XCBuildConfiguration;
			buildSettings = {
				ALWAYS_EMBED_SWIFT_STANDARD_LIBRARIES = YES;
				BUNDLE_LOADER = "$(TEST_HOST)";
				CODE_SIGN_STYLE = Automatic;
				DEVELOPMENT_TEAM = 5NSM28XMN5;
				INFOPLIST_FILE = "table-mealTests/Info.plist";
				LD_RUNPATH_SEARCH_PATHS = (
					"$(inherited)",
					"@executable_path/Frameworks",
					"@loader_path/Frameworks",
				);
				PRODUCT_BUNDLE_IDENTIFIER = "br.com.alura.table-mealTests";
				PRODUCT_NAME = "$(TARGET_NAME)";
				SWIFT_VERSION = 5.0;
				TARGETED_DEVICE_FAMILY = "1,2";
				TEST_HOST = "$(BUILT_PRODUCTS_DIR)/table-meal.app/table-meal";
			};
			name = Release;
		};
		D007D72A228B894A00630AD3 /* Debug */ = {
			isa = XCBuildConfiguration;
			buildSettings = {
				ALWAYS_EMBED_SWIFT_STANDARD_LIBRARIES = YES;
				CODE_SIGN_STYLE = Automatic;
				DEVELOPMENT_TEAM = 5NSM28XMN5;
				INFOPLIST_FILE = "table-mealUITests/Info.plist";
				LD_RUNPATH_SEARCH_PATHS = (
					"$(inherited)",
					"@executable_path/Frameworks",
					"@loader_path/Frameworks",
				);
				PRODUCT_BUNDLE_IDENTIFIER = "br.com.alura.table-mealUITests";
				PRODUCT_NAME = "$(TARGET_NAME)";
				SWIFT_VERSION = 5.0;
				TARGETED_DEVICE_FAMILY = "1,2";
				TEST_TARGET_NAME = "table-meal";
			};
			name = Debug;
		};
		D007D72B228B894A00630AD3 /* Release */ = {
			isa = XCBuildConfiguration;
			buildSettings = {
				ALWAYS_EMBED_SWIFT_STANDARD_LIBRARIES = YES;
				CODE_SIGN_STYLE = Automatic;
				DEVELOPMENT_TEAM = 5NSM28XMN5;
				INFOPLIST_FILE = "table-mealUITests/Info.plist";
				LD_RUNPATH_SEARCH_PATHS = (
					"$(inherited)",
					"@executable_path/Frameworks",
					"@loader_path/Frameworks",
				);
				PRODUCT_BUNDLE_IDENTIFIER = "br.com.alura.table-mealUITests";
				PRODUCT_NAME = "$(TARGET_NAME)";
				SWIFT_VERSION = 5.0;
				TARGETED_DEVICE_FAMILY = "1,2";
				TEST_TARGET_NAME = "table-meal";
			};
			name = Release;
		};
/* End XCBuildConfiguration section */

/* Begin XCConfigurationList section */
		D007D6F6228B894800630AD3 /* Build configuration list for PBXProject "table-meal" */ = {
			isa = XCConfigurationList;
			buildConfigurations = (
				D007D721228B894A00630AD3 /* Debug */,
				D007D722228B894A00630AD3 /* Release */,
			);
			defaultConfigurationIsVisible = 0;
			defaultConfigurationName = Release;
		};
		D007D723228B894A00630AD3 /* Build configuration list for PBXNativeTarget "table-meal" */ = {
			isa = XCConfigurationList;
			buildConfigurations = (
				D007D724228B894A00630AD3 /* Debug */,
				D007D725228B894A00630AD3 /* Release */,
			);
			defaultConfigurationIsVisible = 0;
			defaultConfigurationName = Release;
		};
		D007D726228B894A00630AD3 /* Build configuration list for PBXNativeTarget "table-mealTests" */ = {
			isa = XCConfigurationList;
			buildConfigurations = (
				D007D727228B894A00630AD3 /* Debug */,
				D007D728228B894A00630AD3 /* Release */,
			);
			defaultConfigurationIsVisible = 0;
			defaultConfigurationName = Release;
		};
		D007D729228B894A00630AD3 /* Build configuration list for PBXNativeTarget "table-mealUITests" */ = {
			isa = XCConfigurationList;
			buildConfigurations = (
				D007D72A228B894A00630AD3 /* Debug */,
				D007D72B228B894A00630AD3 /* Release */,
			);
			defaultConfigurationIsVisible = 0;
			defaultConfigurationName = Release;
		};
/* End XCConfigurationList section */
	};
	rootObject = D007D6F3228B894800630AD3 /* Project object */;
}
